
Microsoft Visual Studio Solution File, Format Version 12.00
# Visual Studio Version 16
VisualStudioVersion = 16.0.31105.61
MinimumVisualStudioVersion = 10.0.40219.1
Project("{FAE04EC0-301F-11D3-BF4B-00C04F79EFBC}") = "WebAPI", "WebAPI\WebAPI.csproj", "{A3913594-B288-4480-BFF5-C8AF91950B2D}"
EndProject
Global
	GlobalSection(SolutionConfigurationPlatforms) = preSolution
		Debug|Any CPU = Debug|Any CPU
		Release|Any CPU = Release|Any CPU
	EndGlobalSection
	GlobalSection(ProjectConfigurationPlatforms) = postSolution
		{A3913594-B288-4480-BFF5-C8AF91950B2D}.Debug|Any CPU.ActiveCfg = Debug|Any CPU
		{A3913594-B288-4480-BFF5-C8AF91950B2D}.Debug|Any CPU.Build.0 = Debug|Any CPU
		{A3913594-B288-4480-BFF5-C8AF91950B2D}.Release|Any CPU.ActiveCfg = Release|Any CPU
		{A3913594-B288-4480-BFF5-C8AF91950B2D}.Release|Any CPU.Build.0 = Release|Any CPU
	EndGlobalSection
	GlobalSection(SolutionProperties) = preSolution
		HideSolutionNode = FALSE
	EndGlobalSection
	GlobalSection(ExtensibilityGlobals) = postSolution
		SolutionGuid = {7B3F5055-CFFA-41FD-BB93-0AF1D18AE4C4}
	EndGlobalSection
EndGlobal
